{
  "name": "dynjit",
  "version": "0.1.0",
  "lockfileVersion": 1,
  "requires": true,
  "dependencies": {
    "bs-readline": {
      "version": "1.0.4",
      "resolved": "https://registry.npmjs.org/bs-readline/-/bs-readline-1.0.4.tgz",
      "integrity": "sha512-Y3GBA9UZ2Qb0vvQDisIWJjYjkDPzmdwifQ0Hw5NO8uPc/qxgcVx8zbmeAWWC9qN11dBkVRRrMpQbSymNUsqD0Q=="
    }
  }
}
